
Microsoft Visual Studio Solution File, Format Version 11.00
# Visual Studio 2010
Project("{8BC9CEB8-8B4A-11D0-8D11-00A0C91BC942}") = "mark", "mark\mark.vcxproj", "{23886E28-EB33-4755-86C1-199EB8EC1D16}"
EndProject
Global
	GlobalSection(SolutionConfigurationPlatforms) = preSolution
		Debug|Win32 = Debug|Win32
		Release|Win32 = Release|Win32
	EndGlobalSection
	GlobalSection(ProjectConfigurationPlatforms) = postSolution
		{23886E28-EB33-4755-86C1-199EB8EC1D16}.Debug|Win32.ActiveCfg = Debug|Win32
		{23886E28-EB33-4755-86C1-199EB8EC1D16}.Debug|Win32.Build.0 = Debug|Win32
		{23886E28-EB33-4755-86C1-199EB8EC1D16}.Release|Win32.ActiveCfg = Release|Win32
		{23886E28-EB33-4755-86C1-199EB8EC1D16}.Release|Win32.Build.0 = Release|Win32
	EndGlobalSection
	GlobalSection(SolutionProperties) = preSolution
		HideSolutionNode = FALSE
	EndGlobalSection
EndGlobal
